<?xml version="1.0" encoding="utf-8"?>
<Project ToolsVersion="4.0" xmlns="http://schemas.microsoft.com/developer/msbuild/2003">
  <ItemGroup>
    <Filter Include="Source Files">
      <UniqueIdentifier>{bf1f2988-b771-4f32-9de6-8140f05aebe5}</UniqueIdentifier>
      <Extensions>cpp;c;cxx;rc;def;r;odl;idl;hpj;bat</Extensions>
    </Filter>
    <Filter Include="Header Files">
      <UniqueIdentifier>{5f91e798-8089-446a-a318-90350c120566}</UniqueIdentifier>
      <Extensions>h;hpp;hxx;hm;inl</Extensions>
    </Filter>
  </ItemGroup>
  <ItemGroup>
    <ClCompile Include="src\ApplicationManager.cpp">
      <Filter>Source Files</Filter>
    </ClCompile>
    <ClCompile Include="src\Authorizer.cpp">
      <Filter>Source Files</Filter>
    </ClCompile>
    <ClCompile Include="src\ClientManager.cpp">
      <Filter>Source Files</Filter>
    </ClCompile>
    <ClCompile Include="src\ConfigManager.cpp">
      <Filter>Source Files</Filter>
    </ClCompile>
    <ClCompile Include="src\DataGenerator.cpp">
      <Filter>Source Files</Filter>
    </ClCompile>
    <ClCompile Include="src\DictionaryGenerator.cpp">
      <Filter>Source Files</Filter>
    </ClCompile>
    <ClCompile Include="src\DictionaryManager.cpp">
      <Filter>Source Files</Filter>
    </ClCompile>
    <ClCompile Include="src\DictionaryStreamItem.cpp">
      <Filter>Source Files</Filter>
    </ClCompile>
    <ClCompile Include="src\DirectoryManager.cpp">
      <Filter>Source Files</Filter>
    </ClCompile>
    <ClCompile Include="src\DomainManager.cpp">
      <Filter>Source Files</Filter>
    </ClCompile>
    <ClCompile Include="src\InstrumentManager.cpp">
      <Filter>Source Files</Filter>
    </ClCompile>
    <ClCompile Include="src\InstrumentStreamItem.cpp">
      <Filter>Source Files</Filter>
    </ClCompile>
    <ClCompile Include="src\LoginManager.cpp">
      <Filter>Source Files</Filter>
    </ClCompile>
    <ClCompile Include="src\MarketPriceGenerator.cpp">
      <Filter>Source Files</Filter>
    </ClCompile>
    <ClCompile Include="src\MarketPriceStreamItem.cpp">
      <Filter>Source Files</Filter>
    </ClCompile>
    <ClCompile Include="src\RDMDict.cpp">
      <Filter>Source Files</Filter>
    </ClCompile>
    <ClCompile Include="src\RDMDictDef.cpp">
      <Filter>Source Files</Filter>
    </ClCompile>
    <ClCompile Include="src\RDMDictionaryDecoder.cpp">
      <Filter>Source Files</Filter>
    </ClCompile>
    <ClCompile Include="src\RDMDictionaryEncoder.cpp">
      <Filter>Source Files</Filter>
    </ClCompile>
    <ClCompile Include="src\ReqRouter.cpp">
      <Filter>Source Files</Filter>
    </ClCompile>
    <ClCompile Include="src\ServiceDirectory.cpp">
      <Filter>Source Files</Filter>
    </ClCompile>
    <ClCompile Include="src\ServiceDirectoryStreamItem.cpp">
      <Filter>Source Files</Filter>
    </ClCompile>
    <ClCompile Include="src\SessionManager.cpp">
      <Filter>Source Files</Filter>
    </ClCompile>
    <ClCompile Include="src\StreamItem.cpp">
      <Filter>Source Files</Filter>
    </ClCompile>
    <ClCompile Include="src\UserContext.cpp">
      <Filter>Source Files</Filter>
    </ClCompile>
    <ClCompile Include="src\VelocityProvider.cpp">
      <Filter>Source Files</Filter>
    </ClCompile>
  </ItemGroup>
  <ItemGroup>
    <ClInclude Include="include\ApplicationManager.h">
      <Filter>Header Files</Filter>
    </ClInclude>
    <ClInclude Include="include\Authorizer.h">
      <Filter>Header Files</Filter>
    </ClInclude>
    <ClInclude Include="include\ClientManager.h">
      <Filter>Header Files</Filter>
    </ClInclude>
    <ClInclude Include="include\ConfigManager.h">
      <Filter>Header Files</Filter>
    </ClInclude>
    <ClInclude Include="include\DataGenerator.h">
      <Filter>Header Files</Filter>
    </ClInclude>
    <ClInclude Include="include\DictionaryGenerator.h">
      <Filter>Header Files</Filter>
    </ClInclude>
    <ClInclude Include="include\DictionaryManager.h">
      <Filter>Header Files</Filter>
    </ClInclude>
    <ClInclude Include="include\DictionaryStreamItem.h">
      <Filter>Header Files</Filter>
    </ClInclude>
    <ClInclude Include="include\DirectoryManager.h">
      <Filter>Header Files</Filter>
    </ClInclude>
    <ClInclude Include="include\DomainManager.h">
      <Filter>Header Files</Filter>
    </ClInclude>
    <ClInclude Include="include\EventQueueDispatcher.h">
      <Filter>Header Files</Filter>
    </ClInclude>
    <ClInclude Include="include\InstrumentManager.h">
      <Filter>Header Files</Filter>
    </ClInclude>
    <ClInclude Include="include\InstrumentStreamItem.h">
      <Filter>Header Files</Filter>
    </ClInclude>
    <ClInclude Include="include\LoginManager.h">
      <Filter>Header Files</Filter>
    </ClInclude>
    <ClInclude Include="include\MarketPriceGenerator.h">
      <Filter>Header Files</Filter>
    </ClInclude>
    <ClInclude Include="include\MarketPriceStreamItem.h">
      <Filter>Header Files</Filter>
    </ClInclude>
    <ClInclude Include="include\RDMDict.h">
      <Filter>Header Files</Filter>
    </ClInclude>
    <ClInclude Include="include\RDMDictDef.h">
      <Filter>Header Files</Filter>
    </ClInclude>
    <ClInclude Include="include\rdmdictionarydecoder.h">
      <Filter>Header Files</Filter>
    </ClInclude>
    <ClInclude Include="include\RDMDictionaryEncoder.h">
      <Filter>Header Files</Filter>
    </ClInclude>
    <ClInclude Include="include\RDMHeaders.h">
      <Filter>Header Files</Filter>
    </ClInclude>
    <ClInclude Include="include\ReqRouter.h">
      <Filter>Header Files</Filter>
    </ClInclude>
    <ClInclude Include="include\ServiceDirectory.h">
      <Filter>Header Files</Filter>
    </ClInclude>
    <ClInclude Include="include\ServiceDirectoryStreamItem.h">
      <Filter>Header Files</Filter>
    </ClInclude>
    <ClInclude Include="include\SessionManager.h">
      <Filter>Header Files</Filter>
    </ClInclude>
    <ClInclude Include="include\StreamItem.h">
      <Filter>Header Files</Filter>
    </ClInclude>
    <ClInclude Include="include\UserContext.h">
      <Filter>Header Files</Filter>
    </ClInclude>
    <ClInclude Include="include\VelocityProvider.h">
      <Filter>Header Files</Filter>
    </ClInclude>
  </ItemGroup>
</Project>